// !$*UTF8*$!
{
	archiveVersion = 1;
	classes = {
	};
	objectVersion = 50;
	objects = {

/* Begin PBXBuildFile section */
		4F20FDDD246B380E007B83E7 /* AppDelegate.swift in Sources */ = {isa = PBXBuildFile; fileRef = 4F20FDDC246B380E007B83E7 /* AppDelegate.swift */; };
		4F20FDDF246B380E007B83E7 /* SceneDelegate.swift in Sources */ = {isa = PBXBuildFile; fileRef = 4F20FDDE246B380E007B83E7 /* SceneDelegate.swift */; };
		4F20FDE1246B380E007B83E7 /* MasterViewController.swift in Sources */ = {isa = PBXBuildFile; fileRef = 4F20FDE0246B380E007B83E7 /* MasterViewController.swift */; };
		4F20FDE3246B380E007B83E7 /* DetailViewController.swift in Sources */ = {isa = PBXBuildFile; fileRef = 4F20FDE2246B380E007B83E7 /* DetailViewController.swift */; };
		4F20FDE6246B380E007B83E7 /* Main.storyboard in Resources */ = {isa = PBXBuildFile; fileRef = 4F20FDE4246B380E007B83E7 /* Main.storyboard */; };
		4F20FDEB246B3813007B83E7 /* LaunchScreen.storyboard in Resources */ = {isa = PBXBuildFile; fileRef = 4F20FDE9246B3813007B83E7 /* LaunchScreen.storyboard */; };
		4F20FE1F246B3885007B83E7 /* StoreTableViewCell.swift in Sources */ = {isa = PBXBuildFile; fileRef = 4F20FE0B246B3885007B83E7 /* StoreTableViewCell.swift */; };
		4F20FE20246B3885007B83E7 /* StoresTableViewController.swift in Sources */ = {isa = PBXBuildFile; fileRef = 4F20FE0D246B3885007B83E7 /* StoresTableViewController.swift */; };
		4F20FE3B246B39E4007B83E7 /* Stores.plist in Resources */ = {isa = PBXBuildFile; fileRef = 4F20FE23246B39E3007B83E7 /* Stores.plist */; };
		4F20FE44246B39E4007B83E7 /* StoreAsyncFetcher.swift in Sources */ = {isa = PBXBuildFile; fileRef = 4F20FE34246B39E3007B83E7 /* StoreAsyncFetcher.swift */; };
		4F20FE49246B39E4007B83E7 /* Store.swift in Sources */ = {isa = PBXBuildFile; fileRef = 4F20FE39246B39E4007B83E7 /* Store.swift */; };
		4F20FE4D246B3B13007B83E7 /* StoreImage.swift in Sources */ = {isa = PBXBuildFile; fileRef = 4F20FE4C246B3B13007B83E7 /* StoreImage.swift */; };
		4F20FE51246B3D19007B83E7 /* Assets.xcassets in Resources */ = {isa = PBXBuildFile; fileRef = 4F20FE50246B3D18007B83E7 /* Assets.xcassets */; };
		4FCF9876246B4371009AAECA /* Station.swift in Sources */ = {isa = PBXBuildFile; fileRef = 4FCF9875246B4371009AAECA /* Station.swift */; };
/* End PBXBuildFile section */

/* Begin PBXFileReference section */
		4F20FDD9246B380E007B83E7 /* iTOLD_DEBUG.app */ = {isa = PBXFileReference; explicitFileType = wrapper.application; includeInIndex = 0; path = iTOLD_DEBUG.app; sourceTree = BUILT_PRODUCTS_DIR; };
		4F20FDDC246B380E007B83E7 /* AppDelegate.swift */ = {isa = PBXFileReference; lastKnownFileType = sourcecode.swift; path = AppDelegate.swift; sourceTree = "<group>"; };
		4F20FDDE246B380E007B83E7 /* SceneDelegate.swift */ = {isa = PBXFileReference; lastKnownFileType = sourcecode.swift; path = SceneDelegate.swift; sourceTree = "<group>"; };
		4F20FDE0246B380E007B83E7 /* MasterViewController.swift */ = {isa = PBXFileReference; lastKnownFileType = sourcecode.swift; path = MasterViewController.swift; sourceTree = "<group>"; };
		4F20FDE2246B380E007B83E7 /* DetailViewController.swift */ = {isa = PBXFileReference; lastKnownFileType = sourcecode.swift; path = DetailViewController.swift; sourceTree = "<group>"; };
		4F20FDE5246B380E007B83E7 /* Base */ = {isa = PBXFileReference; lastKnownFileType = file.storyboard; name = Base; path = Base.lproj/Main.storyboard; sourceTree = "<group>"; };
		4F20FDEA246B3813007B83E7 /* Base */ = {isa = PBXFileReference; lastKnownFileType = file.storyboard; name = Base; path = Base.lproj/LaunchScreen.storyboard; sourceTree = "<group>"; };
		4F20FDEC246B3813007B83E7 /* Info.plist */ = {isa = PBXFileReference; lastKnownFileType = text.plist.xml; path = Info.plist; sourceTree = "<group>"; };
		4F20FE0B246B3885007B83E7 /* StoreTableViewCell.swift */ = {isa = PBXFileReference; fileEncoding = 4; lastKnownFileType = sourcecode.swift; path = StoreTableViewCell.swift; sourceTree = "<group>"; };
		4F20FE0D246B3885007B83E7 /* StoresTableViewController.swift */ = {isa = PBXFileReference; fileEncoding = 4; lastKnownFileType = sourcecode.swift; path = StoresTableViewController.swift; sourceTree = "<group>"; };
		4F20FE23246B39E3007B83E7 /* Stores.plist */ = {isa = PBXFileReference; fileEncoding = 4; lastKnownFileType = text.plist.xml; path = Stores.plist; sourceTree = "<group>"; };
		4F20FE34246B39E3007B83E7 /* StoreAsyncFetcher.swift */ = {isa = PBXFileReference; fileEncoding = 4; lastKnownFileType = sourcecode.swift; path = StoreAsyncFetcher.swift; sourceTree = "<group>"; };
		4F20FE39246B39E4007B83E7 /* Store.swift */ = {isa = PBXFileReference; fileEncoding = 4; lastKnownFileType = sourcecode.swift; path = Store.swift; sourceTree = "<group>"; };
		4F20FE4C246B3B13007B83E7 /* StoreImage.swift */ = {isa = PBXFileReference; fileEncoding = 4; lastKnownFileType = sourcecode.swift; path = StoreImage.swift; sourceTree = "<group>"; };
		4F20FE50246B3D18007B83E7 /* Assets.xcassets */ = {isa = PBXFileReference; lastKnownFileType = folder.assetcatalog; path = Assets.xcassets; sourceTree = "<group>"; };
		4FCF9875246B4371009AAECA /* Station.swift */ = {isa = PBXFileReference; lastKnownFileType = sourcecode.swift; name = Station.swift; path = /Users/simonhogg/Documents/iTOLD_DEBUG/iTOLD_DEBUG/StoresSection/Model/Station.swift; sourceTree = "<absolute>"; };
/* End PBXFileReference section */

/* Begin PBXFrameworksBuildPhase section */
		4F20FDD6246B380E007B83E7 /* Frameworks */ = {
			isa = PBXFrameworksBuildPhase;
			buildActionMask = 2147483647;
			files = (
			);
			runOnlyForDeploymentPostprocessing = 0;
		};
/* End PBXFrameworksBuildPhase section */

/* Begin PBXGroup section */
		4F20FDD0246B380E007B83E7 = {
			isa = PBXGroup;
			children = (
				4F20FDDB246B380E007B83E7 /* iTOLD_DEBUG */,
				4F20FDDA246B380E007B83E7 /* Products */,
			);
			sourceTree = "<group>";
		};
		4F20FDDA246B380E007B83E7 /* Products */ = {
			isa = PBXGroup;
			children = (
				4F20FDD9246B380E007B83E7 /* iTOLD_DEBUG.app */,
			);
			name = Products;
			sourceTree = "<group>";
		};
		4F20FDDB246B380E007B83E7 /* iTOLD_DEBUG */ = {
			isa = PBXGroup;
			children = (
				4F20FE50246B3D18007B83E7 /* Assets.xcassets */,
				4F20FE05246B3885007B83E7 /* StoresSection */,
				4F20FDDC246B380E007B83E7 /* AppDelegate.swift */,
				4F20FDDE246B380E007B83E7 /* SceneDelegate.swift */,
				4F20FDE0246B380E007B83E7 /* MasterViewController.swift */,
				4F20FDE2246B380E007B83E7 /* DetailViewController.swift */,
				4F20FDE4246B380E007B83E7 /* Main.storyboard */,
				4F20FDE9246B3813007B83E7 /* LaunchScreen.storyboard */,
				4F20FDEC246B3813007B83E7 /* Info.plist */,
			);
			path = iTOLD_DEBUG;
			sourceTree = "<group>";
		};
		4F20FE05246B3885007B83E7 /* StoresSection */ = {
			isa = PBXGroup;
			children = (
				4FCF9874246B434C009AAECA /* Model */,
				4F20FE0A246B3885007B83E7 /* View */,
				4F20FE0C246B3885007B83E7 /* ViewController */,
			);
			path = StoresSection;
			sourceTree = "<group>";
		};
		4F20FE0A246B3885007B83E7 /* View */ = {
			isa = PBXGroup;
			children = (
				4F20FE0B246B3885007B83E7 /* StoreTableViewCell.swift */,
				4F20FE4C246B3B13007B83E7 /* StoreImage.swift */,
			);
			path = View;
			sourceTree = "<group>";
		};
		4F20FE0C246B3885007B83E7 /* ViewController */ = {
			isa = PBXGroup;
			children = (
				4F20FE34246B39E3007B83E7 /* StoreAsyncFetcher.swift */,
				4F20FE0D246B3885007B83E7 /* StoresTableViewController.swift */,
			);
			path = ViewController;
			sourceTree = "<group>";
		};
		4FCF9874246B434C009AAECA /* Model */ = {
			isa = PBXGroup;
			children = (
				4FCF9875246B4371009AAECA /* Station.swift */,
				4F20FE39246B39E4007B83E7 /* Store.swift */,
				4F20FE23246B39E3007B83E7 /* Stores.plist */,
			);
			path = Model;
			sourceTree = "<group>";
		};
/* End PBXGroup section */

/* Begin PBXNativeTarget section */
		4F20FDD8246B380E007B83E7 /* iTOLD_DEBUG */ = {
			isa = PBXNativeTarget;
			buildConfigurationList = 4F20FDEF246B3813007B83E7 /* Build configuration list for PBXNativeTarget "iTOLD_DEBUG" */;
			buildPhases = (
				4F20FDD5246B380E007B83E7 /* Sources */,
				4F20FDD6246B380E007B83E7 /* Frameworks */,
				4F20FDD7246B380E007B83E7 /* Resources */,
			);
			buildRules = (
			);
			dependencies = (
			);
			name = iTOLD_DEBUG;
			productName = iTOLD_DEBUG;
			productReference = 4F20FDD9246B380E007B83E7 /* iTOLD_DEBUG.app */;
			productType = "com.apple.product-type.application";
		};
/* End PBXNativeTarget section */

/* Begin PBXProject section */
		4F20FDD1246B380E007B83E7 /* Project object */ = {
			isa = PBXProject;
			attributes = {
				LastSwiftUpdateCheck = 1140;
				LastUpgradeCheck = 1140;
				ORGANIZATIONNAME = "Simon Hogg";
				TargetAttributes = {
					4F20FDD8246B380E007B83E7 = {
						CreatedOnToolsVersion = 11.4.1;
					};
				};
			};
			buildConfigurationList = 4F20FDD4246B380E007B83E7 /* Build configuration list for PBXProject "iTOLD_DEBUG" */;
			compatibilityVersion = "Xcode 9.3";
			developmentRegion = en;
			hasScannedForEncodings = 0;
			knownRegions = (
				en,
				Base,
			);
			mainGroup = 4F20FDD0246B380E007B83E7;
			productRefGroup = 4F20FDDA246B380E007B83E7 /* Products */;
			projectDirPath = "";
			projectRoot = "";
			targets = (
				4F20FDD8246B380E007B83E7 /* iTOLD_DEBUG */,
			);
		};
/* End PBXProject section */

/* Begin PBXResourcesBuildPhase section */
		4F20FDD7246B380E007B83E7 /* Resources */ = {
			isa = PBXResourcesBuildPhase;
			buildActionMask = 2147483647;
			files = (
				4F20FDEB246B3813007B83E7 /* LaunchScreen.storyboard in Resources */,
				4F20FE3B246B39E4007B83E7 /* Stores.plist in Resources */,
				4F20FE51246B3D19007B83E7 /* Assets.xcassets in Resources */,
				4F20FDE6246B380E007B83E7 /* Main.storyboard in Resources */,
			);
			runOnlyForDeploymentPostprocessing = 0;
		};
/* End PBXResourcesBuildPhase section */

/* Begin PBXSourcesBuildPhase section */
		4F20FDD5246B380E007B83E7 /* Sources */ = {
			isa = PBXSourcesBuildPhase;
			buildActionMask = 2147483647;
			files = (
				4F20FE49246B39E4007B83E7 /* Store.swift in Sources */,
				4F20FE20246B3885007B83E7 /* StoresTableViewController.swift in Sources */,
				4F20FE4D246B3B13007B83E7 /* StoreImage.swift in Sources */,
				4F20FDDD246B380E007B83E7 /* AppDelegate.swift in Sources */,
				4F20FDDF246B380E007B83E7 /* SceneDelegate.swift in Sources */,
				4F20FDE1246B380E007B83E7 /* MasterViewController.swift in Sources */,
				4FCF9876246B4371009AAECA /* Station.swift in Sources */,
				4F20FE1F246B3885007B83E7 /* StoreTableViewCell.swift in Sources */,
				4F20FE44246B39E4007B83E7 /* StoreAsyncFetcher.swift in Sources */,
				4F20FDE3246B380E007B83E7 /* DetailViewController.swift in Sources */,
			);
			runOnlyForDeploymentPostprocessing = 0;
		};
/* End PBXSourcesBuildPhase section */

/* Begin PBXVariantGroup section */
		4F20FDE4246B380E007B83E7 /* Main.storyboard */ = {
			isa = PBXVariantGroup;
			children = (
				4F20FDE5246B380E007B83E7 /* Base */,
			);
			name = Main.storyboard;
			sourceTree = "<group>";
		};
		4F20FDE9246B3813007B83E7 /* LaunchScreen.storyboard */ = {
			isa = PBXVariantGroup;
			children = (
				4F20FDEA246B3813007B83E7 /* Base */,
			);
			name = LaunchScreen.storyboard;
			sourceTree = "<group>";
		};
/* End PBXVariantGroup section */

/* Begin XCBuildConfiguration section */
		4F20FDED246B3813007B83E7 /* Debug */ = {
			isa = XCBuildConfiguration;
			buildSettings = {
				ALWAYS_SEARCH_USER_PATHS = NO;
				CLANG_ANALYZER_NONNULL = YES;
				CLANG_ANALYZER_NUMBER_OBJECT_CONVERSION = YES_AGGRESSIVE;
				CLANG_CXX_LANGUAGE_STANDARD = "gnu++14";
				CLANG_CXX_LIBRARY = "libc++";
				CLANG_ENABLE_MODULES = YES;
				CLANG_ENABLE_OBJC_ARC = YES;
				CLANG_ENABLE_OBJC_WEAK = YES;
				CLANG_WARN_BLOCK_CAPTURE_AUTORELEASING = YES;
				CLANG_WARN_BOOL_CONVERSION = YES;
				CLANG_WARN_COMMA = YES;
				CLANG_WARN_CONSTANT_CONVERSION = YES;
				CLANG_WARN_DEPRECATED_OBJC_IMPLEMENTATIONS = YES;
				CLANG_WARN_DIRECT_OBJC_ISA_USAGE = YES_ERROR;
				CLANG_WARN_DOCUMENTATION_COMMENTS = YES;
				CLANG_WARN_EMPTY_BODY = YES;
				CLANG_WARN_ENUM_CONVERSION = YES;
				CLANG_WARN_INFINITE_RECURSION = YES;
				CLANG_WARN_INT_CONVERSION = YES;
				CLANG_WARN_NON_LITERAL_NULL_CONVERSION = YES;
				CLANG_WARN_OBJC_IMPLICIT_RETAIN_SELF = YES;
				CLANG_WARN_OBJC_LITERAL_CONVERSION = YES;
				CLANG_WARN_OBJC_ROOT_CLASS = YES_ERROR;
				CLANG_WARN_RANGE_LOOP_ANALYSIS = YES;
				CLANG_WARN_STRICT_PROTOTYPES = YES;
				CLANG_WARN_SUSPICIOUS_MOVE = YES;
				CLANG_WARN_UNGUARDED_AVAILABILITY = YES_AGGRESSIVE;
				CLANG_WARN_UNREACHABLE_CODE = YES;
				CLANG_WARN__DUPLICATE_METHOD_MATCH = YES;
				COPY_PHASE_STRIP = NO;
				DEBUG_INFORMATION_FORMAT = dwarf;
				ENABLE_STRICT_OBJC_MSGSEND = YES;
				ENABLE_TESTABILITY = YES;
				GCC_C_LANGUAGE_STANDARD = gnu11;
				GCC_DYNAMIC_NO_PIC = NO;
				GCC_NO_COMMON_BLOCKS = YES;
				GCC_OPTIMIZATION_LEVEL = 0;
				GCC_PREPROCESSOR_DEFINITIONS = (
					"DEBUG=1",
					"$(inherited)",
				);
				GCC_WARN_64_TO_32_BIT_CONVERSION = YES;
				GCC_WARN_ABOUT_RETURN_TYPE = YES_ERROR;
				GCC_WARN_UNDECLARED_SELECTOR = YES;
				GCC_WARN_UNINITIALIZED_AUTOS = YES_AGGRESSIVE;
				GCC_WARN_UNUSED_FUNCTION = YES;
				GCC_WARN_UNUSED_VARIABLE = YES;
				IPHONEOS_DEPLOYMENT_TARGET = 13.4;
				MTL_ENABLE_DEBUG_INFO = INCLUDE_SOURCE;
				MTL_FAST_MATH = YES;
				ONLY_ACTIVE_ARCH = YES;
				SDKROOT = iphoneos;
				SWIFT_ACTIVE_COMPILATION_CONDITIONS = DEBUG;
				SWIFT_OPTIMIZATION_LEVEL = "-Onone";
			};
			name = Debug;
		};
		4F20FDEE246B3813007B83E7 /* Release */ = {
			isa = XCBuildConfiguration;
			buildSettings = {
				ALWAYS_SEARCH_USER_PATHS = NO;
				CLANG_ANALYZER_NONNULL = YES;
				CLANG_ANALYZER_NUMBER_OBJECT_CONVERSION = YES_AGGRESSIVE;
				CLANG_CXX_LANGUAGE_STANDARD = "gnu++14";
				CLANG_CXX_LIBRARY = "libc++";
				CLANG_ENABLE_MODULES = YES;
				CLANG_ENABLE_OBJC_ARC = YES;
				CLANG_ENABLE_OBJC_WEAK = YES;
				CLANG_WARN_BLOCK_CAPTURE_AUTORELEASING = YES;
				CLANG_WARN_BOOL_CONVERSION = YES;
				CLANG_WARN_COMMA = YES;
				CLANG_WARN_CONSTANT_CONVERSION = YES;
				CLANG_WARN_DEPRECATED_OBJC_IMPLEMENTATIONS = YES;
				CLANG_WARN_DIRECT_OBJC_ISA_USAGE = YES_ERROR;
				CLANG_WARN_DOCUMENTATION_COMMENTS = YES;
				CLANG_WARN_EMPTY_BODY = YES;
				CLANG_WARN_ENUM_CONVERSION = YES;
				CLANG_WARN_INFINITE_RECURSION = YES;
				CLANG_WARN_INT_CONVERSION = YES;
				CLANG_WARN_NON_LITERAL_NULL_CONVERSION = YES;
				CLANG_WARN_OBJC_IMPLICIT_RETAIN_SELF = YES;
				CLANG_WARN_OBJC_LITERAL_CONVERSION = YES;
				CLANG_WARN_OBJC_ROOT_CLASS = YES_ERROR;
				CLANG_WARN_RANGE_LOOP_ANALYSIS = YES;
				CLANG_WARN_STRICT_PROTOTYPES = YES;
				CLANG_WARN_SUSPICIOUS_MOVE = YES;
				CLANG_WARN_UNGUARDED_AVAILABILITY = YES_AGGRESSIVE;
				CLANG_WARN_UNREACHABLE_CODE = YES;
				CLANG_WARN__DUPLICATE_METHOD_MATCH = YES;
				COPY_PHASE_STRIP = NO;
				DEBUG_INFORMATION_FORMAT = "dwarf-with-dsym";
				ENABLE_NS_ASSERTIONS = NO;
				ENABLE_STRICT_OBJC_MSGSEND = YES;
				GCC_C_LANGUAGE_STANDARD = gnu11;
				GCC_NO_COMMON_BLOCKS = YES;
				GCC_WARN_64_TO_32_BIT_CONVERSION = YES;
				GCC_WARN_ABOUT_RETURN_TYPE = YES_ERROR;
				GCC_WARN_UNDECLARED_SELECTOR = YES;
				GCC_WARN_UNINITIALIZED_AUTOS = YES_AGGRESSIVE;
				GCC_WARN_UNUSED_FUNCTION = YES;
				GCC_WARN_UNUSED_VARIABLE = YES;
				IPHONEOS_DEPLOYMENT_TARGET = 13.4;
				MTL_ENABLE_DEBUG_INFO = NO;
				MTL_FAST_MATH = YES;
				SDKROOT = iphoneos;
				SWIFT_COMPILATION_MODE = wholemodule;
				SWIFT_OPTIMIZATION_LEVEL = "-O";
				VALIDATE_PRODUCT = YES;
			};
			name = Release;
		};
		4F20FDF0246B3813007B83E7 /* Debug */ = {
			isa = XCBuildConfiguration;
			buildSettings = {
				ASSETCATALOG_COMPILER_APPICON_NAME = AppIcon;
				CODE_SIGN_STYLE = Automatic;
				DEVELOPMENT_TEAM = 8Z39ET59J4;
				INFOPLIST_FILE = iTOLD_DEBUG/Info.plist;
				IPHONEOS_DEPLOYMENT_TARGET = 13.3;
				LD_RUNPATH_SEARCH_PATHS = (
					"$(inherited)",
					"@executable_path/Frameworks",
				);
				PRODUCT_BUNDLE_IDENTIFIER = "com.sihogg.iTOLD-DEBUG";
				PRODUCT_NAME = "$(TARGET_NAME)";
				SWIFT_VERSION = 5.0;
				TARGETED_DEVICE_FAMILY = 2;
			};
			name = Debug;
		};
		4F20FDF1246B3813007B83E7 /* Release */ = {
			isa = XCBuildConfiguration;
			buildSettings = {
				ASSETCATALOG_COMPILER_APPICON_NAME = AppIcon;
				CODE_SIGN_STYLE = Automatic;
				DEVELOPMENT_TEAM = 8Z39ET59J4;
				INFOPLIST_FILE = iTOLD_DEBUG/Info.plist;
				IPHONEOS_DEPLOYMENT_TARGET = 13.3;
				LD_RUNPATH_SEARCH_PATHS = (
					"$(inherited)",
					"@executable_path/Frameworks",
				);
				PRODUCT_BUNDLE_IDENTIFIER = "com.sihogg.iTOLD-DEBUG";
				PRODUCT_NAME = "$(TARGET_NAME)";
				SWIFT_VERSION = 5.0;
				TARGETED_DEVICE_FAMILY = 2;
			};
			name = Release;
		};
/* End XCBuildConfiguration section */

/* Begin XCConfigurationList section */
		4F20FDD4246B380E007B83E7 /* Build configuration list for PBXProject "iTOLD_DEBUG" */ = {
			isa = XCConfigurationList;
			buildConfigurations = (
				4F20FDED246B3813007B83E7 /* Debug */,
				4F20FDEE246B3813007B83E7 /* Release */,
			);
			defaultConfigurationIsVisible = 0;
			defaultConfigurationName = Release;
		};
		4F20FDEF246B3813007B83E7 /* Build configuration list for PBXNativeTarget "iTOLD_DEBUG" */ = {
			isa = XCConfigurationList;
			buildConfigurations = (
				4F20FDF0246B3813007B83E7 /* Debug */,
				4F20FDF1246B3813007B83E7 /* Release */,
			);
			defaultConfigurationIsVisible = 0;
			defaultConfigurationName = Release;
		};
/* End XCConfigurationList section */
	};
	rootObject = 4F20FDD1246B380E007B83E7 /* Project object */;
}
